
Microsoft Visual Studio Solution File, Format Version 12.00
# Visual Studio Version 16
VisualStudioVersion = 16.0.29806.167
MinimumVisualStudioVersion = 10.0.40219.1
Project("{9A19103F-16F7-4668-BE54-9A1E7A4F7556}") = "Yamashiro", "Yamashiro\Yamashiro.csproj", "{06637635-2DA7-4337-94DF-39E88838BD01}"
EndProject
Project("{2150E333-8FDC-42A3-9474-1A3956D46DE8}") = "Solution Items", "Solution Items", "{4D258AE0-F9D4-4F1C-AFA6-EE5441635AD5}"
	ProjectSection(SolutionItems) = preProject
		.editorconfig = .editorconfig
	EndProjectSection
EndProject
Global
	GlobalSection(SolutionConfigurationPlatforms) = preSolution
		Debug|Any CPU = Debug|Any CPU
		Release|Any CPU = Release|Any CPU
	EndGlobalSection
	GlobalSection(ProjectConfigurationPlatforms) = postSolution
		{06637635-2DA7-4337-94DF-39E88838BD01}.Debug|Any CPU.ActiveCfg = Debug|Any CPU
		{06637635-2DA7-4337-94DF-39E88838BD01}.Debug|Any CPU.Build.0 = Debug|Any CPU
		{06637635-2DA7-4337-94DF-39E88838BD01}.Release|Any CPU.ActiveCfg = Release|Any CPU
		{06637635-2DA7-4337-94DF-39E88838BD01}.Release|Any CPU.Build.0 = Release|Any CPU
	EndGlobalSection
	GlobalSection(SolutionProperties) = preSolution
		HideSolutionNode = FALSE
	EndGlobalSection
	GlobalSection(ExtensibilityGlobals) = postSolution
		SolutionGuid = {A6C175A0-9BBD-478A-922D-70DBFCD36EC9}
	EndGlobalSection
EndGlobal
